// !$*UTF8*$!
{
	archiveVersion = 1;
	classes = {
	};
	objectVersion = 51;
	objects = {

/* Begin PBXBuildFile section */
		02097CD326CEC7D50085F7F1 /* ViewController.swift in Sources */ = {isa = PBXBuildFile; fileRef = 02097CD226CEC7D50085F7F1 /* ViewController.swift */; };
		02097CD526CEC8060085F7F1 /* OnboardingView.swift in Sources */ = {isa = PBXBuildFile; fileRef = 02097CD426CEC8060085F7F1 /* OnboardingView.swift */; };
		02097CD726CEC8B70085F7F1 /* HomeViewController.swift in Sources */ = {isa = PBXBuildFile; fileRef = 02097CD626CEC8B70085F7F1 /* HomeViewController.swift */; };
		02097CE526CECB9C0085F7F1 /* Roboto-Thin.ttf in Resources */ = {isa = PBXBuildFile; fileRef = 02097CD926CECB9B0085F7F1 /* Roboto-Thin.ttf */; };
		02097CE626CECB9C0085F7F1 /* Roboto-Regular.ttf in Resources */ = {isa = PBXBuildFile; fileRef = 02097CDA26CECB9B0085F7F1 /* Roboto-Regular.ttf */; };
		02097CE726CECB9C0085F7F1 /* Roboto-LightItalic.ttf in Resources */ = {isa = PBXBuildFile; fileRef = 02097CDB26CECB9B0085F7F1 /* Roboto-LightItalic.ttf */; };
		02097CE826CECB9C0085F7F1 /* Roboto-Medium.ttf in Resources */ = {isa = PBXBuildFile; fileRef = 02097CDC26CECB9B0085F7F1 /* Roboto-Medium.ttf */; };
		02097CE926CECB9C0085F7F1 /* Roboto-ThinItalic.ttf in Resources */ = {isa = PBXBuildFile; fileRef = 02097CDD26CECB9C0085F7F1 /* Roboto-ThinItalic.ttf */; };
		02097CEA26CECB9C0085F7F1 /* Roboto-BlackItalic.ttf in Resources */ = {isa = PBXBuildFile; fileRef = 02097CDE26CECB9C0085F7F1 /* Roboto-BlackItalic.ttf */; };
		02097CEB26CECB9C0085F7F1 /* Roboto-Black.ttf in Resources */ = {isa = PBXBuildFile; fileRef = 02097CDF26CECB9C0085F7F1 /* Roboto-Black.ttf */; };
		02097CEC26CECB9C0085F7F1 /* Roboto-Light.ttf in Resources */ = {isa = PBXBuildFile; fileRef = 02097CE026CECB9C0085F7F1 /* Roboto-Light.ttf */; };
		02097CED26CECB9C0085F7F1 /* Roboto-MediumItalic.ttf in Resources */ = {isa = PBXBuildFile; fileRef = 02097CE126CECB9C0085F7F1 /* Roboto-MediumItalic.ttf */; };
		02097CEE26CECB9C0085F7F1 /* Roboto-Bold.ttf in Resources */ = {isa = PBXBuildFile; fileRef = 02097CE226CECB9C0085F7F1 /* Roboto-Bold.ttf */; };
		02097CEF26CECB9C0085F7F1 /* Roboto-BoldItalic.ttf in Resources */ = {isa = PBXBuildFile; fileRef = 02097CE326CECB9C0085F7F1 /* Roboto-BoldItalic.ttf */; };
		02097CF026CECB9C0085F7F1 /* Roboto-Italic.ttf in Resources */ = {isa = PBXBuildFile; fileRef = 02097CE426CECB9C0085F7F1 /* Roboto-Italic.ttf */; };
		02097D0326CECBAB0085F7F1 /* Poppins-ExtraBold.ttf in Resources */ = {isa = PBXBuildFile; fileRef = 02097CF126CECBAA0085F7F1 /* Poppins-ExtraBold.ttf */; };
		02097D0426CECBAB0085F7F1 /* Poppins-Black.ttf in Resources */ = {isa = PBXBuildFile; fileRef = 02097CF226CECBAA0085F7F1 /* Poppins-Black.ttf */; };
		02097D0526CECBAB0085F7F1 /* Poppins-SemiBoldItalic.ttf in Resources */ = {isa = PBXBuildFile; fileRef = 02097CF326CECBAA0085F7F1 /* Poppins-SemiBoldItalic.ttf */; };
		02097D0626CECBAB0085F7F1 /* Poppins-LightItalic.ttf in Resources */ = {isa = PBXBuildFile; fileRef = 02097CF426CECBAA0085F7F1 /* Poppins-LightItalic.ttf */; };
		02097D0726CECBAB0085F7F1 /* Poppins-MediumItalic.ttf in Resources */ = {isa = PBXBuildFile; fileRef = 02097CF526CECBAA0085F7F1 /* Poppins-MediumItalic.ttf */; };
		02097D0826CECBAB0085F7F1 /* Poppins-ThinItalic.ttf in Resources */ = {isa = PBXBuildFile; fileRef = 02097CF626CECBAA0085F7F1 /* Poppins-ThinItalic.ttf */; };
		02097D0926CECBAB0085F7F1 /* Poppins-Light.ttf in Resources */ = {isa = PBXBuildFile; fileRef = 02097CF726CECBAA0085F7F1 /* Poppins-Light.ttf */; };
		02097D0A26CECBAB0085F7F1 /* Poppins-ExtraLight.ttf in Resources */ = {isa = PBXBuildFile; fileRef = 02097CF826CECBAA0085F7F1 /* Poppins-ExtraLight.ttf */; };
		02097D0B26CECBAB0085F7F1 /* Poppins-Bold.ttf in Resources */ = {isa = PBXBuildFile; fileRef = 02097CF926CECBAA0085F7F1 /* Poppins-Bold.ttf */; };
		02097D0C26CECBAB0085F7F1 /* Poppins-SemiBold.ttf in Resources */ = {isa = PBXBuildFile; fileRef = 02097CFA26CECBAA0085F7F1 /* Poppins-SemiBold.ttf */; };
		02097D0D26CECBAB0085F7F1 /* Poppins-BlackItalic.ttf in Resources */ = {isa = PBXBuildFile; fileRef = 02097CFB26CECBAA0085F7F1 /* Poppins-BlackItalic.ttf */; };
		02097D0E26CECBAB0085F7F1 /* Poppins-Thin.ttf in Resources */ = {isa = PBXBuildFile; fileRef = 02097CFC26CECBAB0085F7F1 /* Poppins-Thin.ttf */; };
		02097D0F26CECBAB0085F7F1 /* Poppins-BoldItalic.ttf in Resources */ = {isa = PBXBuildFile; fileRef = 02097CFD26CECBAB0085F7F1 /* Poppins-BoldItalic.ttf */; };
		02097D1026CECBAB0085F7F1 /* Poppins-Regular.ttf in Resources */ = {isa = PBXBuildFile; fileRef = 02097CFE26CECBAB0085F7F1 /* Poppins-Regular.ttf */; };
		02097D1126CECBAB0085F7F1 /* Poppins-Medium.ttf in Resources */ = {isa = PBXBuildFile; fileRef = 02097CFF26CECBAB0085F7F1 /* Poppins-Medium.ttf */; };
		02097D1226CECBAB0085F7F1 /* Poppins-Italic.ttf in Resources */ = {isa = PBXBuildFile; fileRef = 02097D0026CECBAB0085F7F1 /* Poppins-Italic.ttf */; };
		02097D1326CECBAB0085F7F1 /* Poppins-ExtraLightItalic.ttf in Resources */ = {isa = PBXBuildFile; fileRef = 02097D0126CECBAB0085F7F1 /* Poppins-ExtraLightItalic.ttf */; };
		02097D1426CECBAB0085F7F1 /* Poppins-ExtraBoldItalic.ttf in Resources */ = {isa = PBXBuildFile; fileRef = 02097D0226CECBAB0085F7F1 /* Poppins-ExtraBoldItalic.ttf */; };
		02097D1626CF8AC70085F7F1 /* LoginViewController.swift in Sources */ = {isa = PBXBuildFile; fileRef = 02097D1526CF8AC70085F7F1 /* LoginViewController.swift */; };
		02097D1826CF8AE50085F7F1 /* SignupViewController.swift in Sources */ = {isa = PBXBuildFile; fileRef = 02097D1726CF8AE50085F7F1 /* SignupViewController.swift */; };
		02097D1A26CF8FC60085F7F1 /* Extensions.swift in Sources */ = {isa = PBXBuildFile; fileRef = 02097D1926CF8FC60085F7F1 /* Extensions.swift */; };
		02097D1C26CF99EF0085F7F1 /* FloatLabelTextField.swift in Sources */ = {isa = PBXBuildFile; fileRef = 02097D1B26CF99EF0085F7F1 /* FloatLabelTextField.swift */; };
		02108A9F26CEB7250046211D /* AppDelegate.swift in Sources */ = {isa = PBXBuildFile; fileRef = 02108A9E26CEB7250046211D /* AppDelegate.swift */; };
		02108AA126CEB7250046211D /* SceneDelegate.swift in Sources */ = {isa = PBXBuildFile; fileRef = 02108AA026CEB7250046211D /* SceneDelegate.swift */; };
		02108AA626CEB7250046211D /* Main.storyboard in Resources */ = {isa = PBXBuildFile; fileRef = 02108AA426CEB7250046211D /* Main.storyboard */; };
		02108AA826CEB7260046211D /* Assets.xcassets in Resources */ = {isa = PBXBuildFile; fileRef = 02108AA726CEB7260046211D /* Assets.xcassets */; };
		02108AAB26CEB7260046211D /* LaunchScreen.storyboard in Resources */ = {isa = PBXBuildFile; fileRef = 02108AA926CEB7260046211D /* LaunchScreen.storyboard */; };
		02859FFE26D6C1C5003E593D /* Reachability.swift in Sources */ = {isa = PBXBuildFile; fileRef = 02859FFD26D6C1C5003E593D /* Reachability.swift */; };
		0285A00226D82499003E593D /* InterestsViewController.swift in Sources */ = {isa = PBXBuildFile; fileRef = 0285A00126D82498003E593D /* InterestsViewController.swift */; };
		0285A00526D824E9003E593D /* HomeScreenViewController.swift in Sources */ = {isa = PBXBuildFile; fileRef = 0285A00426D824E9003E593D /* HomeScreenViewController.swift */; };
		0285A00726D8250F003E593D /* DiscoverViewController.swift in Sources */ = {isa = PBXBuildFile; fileRef = 0285A00626D8250F003E593D /* DiscoverViewController.swift */; };
		0285A00926D8252B003E593D /* AddViewController.swift in Sources */ = {isa = PBXBuildFile; fileRef = 0285A00826D8252B003E593D /* AddViewController.swift */; };
		0285A00B26D8254D003E593D /* InboxViewController.swift in Sources */ = {isa = PBXBuildFile; fileRef = 0285A00A26D8254D003E593D /* InboxViewController.swift */; };
		0285A00D26D8256C003E593D /* ProfileViewController.swift in Sources */ = {isa = PBXBuildFile; fileRef = 0285A00C26D8256C003E593D /* ProfileViewController.swift */; };
		0285A01026D8269B003E593D /* LiveViewController.swift in Sources */ = {isa = PBXBuildFile; fileRef = 0285A00F26D8269B003E593D /* LiveViewController.swift */; };
		0285A01226D826B3003E593D /* CoursesViewController.swift in Sources */ = {isa = PBXBuildFile; fileRef = 0285A01126D826B3003E593D /* CoursesViewController.swift */; };
		0285A01426D826CC003E593D /* TrendingViewController.swift in Sources */ = {isa = PBXBuildFile; fileRef = 0285A01326D826CC003E593D /* TrendingViewController.swift */; };
		0285A01626D8C507003E593D /* TrendingCollectionViewCell.swift in Sources */ = {isa = PBXBuildFile; fileRef = 0285A01526D8C507003E593D /* TrendingCollectionViewCell.swift */; };
		0285A01B26D8F2D4003E593D /* InterestsCollectionViewCell.swift in Sources */ = {isa = PBXBuildFile; fileRef = 0285A01A26D8F2D4003E593D /* InterestsCollectionViewCell.swift */; };
		0285A01D26D90180003E593D /* LiveCollectionViewCell.swift in Sources */ = {isa = PBXBuildFile; fileRef = 0285A01C26D90180003E593D /* LiveCollectionViewCell.swift */; };
		0285A01F26D9018C003E593D /* CoursesCollectionViewCell.swift in Sources */ = {isa = PBXBuildFile; fileRef = 0285A01E26D9018C003E593D /* CoursesCollectionViewCell.swift */; };
		0285A02126D97F44003E593D /* AuthorsCollectionViewCell.swift in Sources */ = {isa = PBXBuildFile; fileRef = 0285A02026D97F44003E593D /* AuthorsCollectionViewCell.swift */; };
		0285A02326D97F53003E593D /* AuthorsViewController.swift in Sources */ = {isa = PBXBuildFile; fileRef = 0285A02226D97F53003E593D /* AuthorsViewController.swift */; };
		0285A02526DA9DCB003E593D /* MessagesViewController.swift in Sources */ = {isa = PBXBuildFile; fileRef = 0285A02426DA9DCB003E593D /* MessagesViewController.swift */; };
		0285A02726DAF0D3003E593D /* VideoCollectionViewCell.swift in Sources */ = {isa = PBXBuildFile; fileRef = 0285A02626DAF0D3003E593D /* VideoCollectionViewCell.swift */; };
		4B7B194EBF73C99B3945B820 /* Pods_Online_Edu.framework in Frameworks */ = {isa = PBXBuildFile; fileRef = A7D32A969888C86B6DA4BFD8 /* Pods_Online_Edu.framework */; };
/* End PBXBuildFile section */

/* Begin PBXFileReference section */
		02097CD226CEC7D50085F7F1 /* ViewController.swift */ = {isa = PBXFileReference; fileEncoding = 4; lastKnownFileType = sourcecode.swift; path = ViewController.swift; sourceTree = "<group>"; };
		02097CD426CEC8060085F7F1 /* OnboardingView.swift */ = {isa = PBXFileReference; fileEncoding = 4; lastKnownFileType = sourcecode.swift; path = OnboardingView.swift; sourceTree = "<group>"; };
		02097CD626CEC8B70085F7F1 /* HomeViewController.swift */ = {isa = PBXFileReference; lastKnownFileType = sourcecode.swift; path = HomeViewController.swift; sourceTree = "<group>"; };
		02097CD926CECB9B0085F7F1 /* Roboto-Thin.ttf */ = {isa = PBXFileReference; lastKnownFileType = file; path = "Roboto-Thin.ttf"; sourceTree = "<group>"; };
		02097CDA26CECB9B0085F7F1 /* Roboto-Regular.ttf */ = {isa = PBXFileReference; lastKnownFileType = file; path = "Roboto-Regular.ttf"; sourceTree = "<group>"; };
		02097CDB26CECB9B0085F7F1 /* Roboto-LightItalic.ttf */ = {isa = PBXFileReference; lastKnownFileType = file; path = "Roboto-LightItalic.ttf"; sourceTree = "<group>"; };
		02097CDC26CECB9B0085F7F1 /* Roboto-Medium.ttf */ = {isa = PBXFileReference; lastKnownFileType = file; path = "Roboto-Medium.ttf"; sourceTree = "<group>"; };
		02097CDD26CECB9C0085F7F1 /* Roboto-ThinItalic.ttf */ = {isa = PBXFileReference; lastKnownFileType = file; path = "Roboto-ThinItalic.ttf"; sourceTree = "<group>"; };
		02097CDE26CECB9C0085F7F1 /* Roboto-BlackItalic.ttf */ = {isa = PBXFileReference; lastKnownFileType = file; path = "Roboto-BlackItalic.ttf"; sourceTree = "<group>"; };
		02097CDF26CECB9C0085F7F1 /* Roboto-Black.ttf */ = {isa = PBXFileReference; lastKnownFileType = file; path = "Roboto-Black.ttf"; sourceTree = "<group>"; };
		02097CE026CECB9C0085F7F1 /* Roboto-Light.ttf */ = {isa = PBXFileReference; lastKnownFileType = file; path = "Roboto-Light.ttf"; sourceTree = "<group>"; };
		02097CE126CECB9C0085F7F1 /* Roboto-MediumItalic.ttf */ = {isa = PBXFileReference; lastKnownFileType = file; path = "Roboto-MediumItalic.ttf"; sourceTree = "<group>"; };
		02097CE226CECB9C0085F7F1 /* Roboto-Bold.ttf */ = {isa = PBXFileReference; lastKnownFileType = file; path = "Roboto-Bold.ttf"; sourceTree = "<group>"; };
		02097CE326CECB9C0085F7F1 /* Roboto-BoldItalic.ttf */ = {isa = PBXFileReference; lastKnownFileType = file; path = "Roboto-BoldItalic.ttf"; sourceTree = "<group>"; };
		02097CE426CECB9C0085F7F1 /* Roboto-Italic.ttf */ = {isa = PBXFileReference; lastKnownFileType = file; path = "Roboto-Italic.ttf"; sourceTree = "<group>"; };
		02097CF126CECBAA0085F7F1 /* Poppins-ExtraBold.ttf */ = {isa = PBXFileReference; lastKnownFileType = file; path = "Poppins-ExtraBold.ttf"; sourceTree = "<group>"; };
		02097CF226CECBAA0085F7F1 /* Poppins-Black.ttf */ = {isa = PBXFileReference; lastKnownFileType = file; path = "Poppins-Black.ttf"; sourceTree = "<group>"; };
		02097CF326CECBAA0085F7F1 /* Poppins-SemiBoldItalic.ttf */ = {isa = PBXFileReference; lastKnownFileType = file; path = "Poppins-SemiBoldItalic.ttf"; sourceTree = "<group>"; };
		02097CF426CECBAA0085F7F1 /* Poppins-LightItalic.ttf */ = {isa = PBXFileReference; lastKnownFileType = file; path = "Poppins-LightItalic.ttf"; sourceTree = "<group>"; };
		02097CF526CECBAA0085F7F1 /* Poppins-MediumItalic.ttf */ = {isa = PBXFileReference; lastKnownFileType = file; path = "Poppins-MediumItalic.ttf"; sourceTree = "<group>"; };
		02097CF626CECBAA0085F7F1 /* Poppins-ThinItalic.ttf */ = {isa = PBXFileReference; lastKnownFileType = file; path = "Poppins-ThinItalic.ttf"; sourceTree = "<group>"; };
		02097CF726CECBAA0085F7F1 /* Poppins-Light.ttf */ = {isa = PBXFileReference; lastKnownFileType = file; path = "Poppins-Light.ttf"; sourceTree = "<group>"; };
		02097CF826CECBAA0085F7F1 /* Poppins-ExtraLight.ttf */ = {isa = PBXFileReference; lastKnownFileType = file; path = "Poppins-ExtraLight.ttf"; sourceTree = "<group>"; };
		02097CF926CECBAA0085F7F1 /* Poppins-Bold.ttf */ = {isa = PBXFileReference; lastKnownFileType = file; path = "Poppins-Bold.ttf"; sourceTree = "<group>"; };
		02097CFA26CECBAA0085F7F1 /* Poppins-SemiBold.ttf */ = {isa = PBXFileReference; lastKnownFileType = file; path = "Poppins-SemiBold.ttf"; sourceTree = "<group>"; };
		02097CFB26CECBAA0085F7F1 /* Poppins-BlackItalic.ttf */ = {isa = PBXFileReference; lastKnownFileType = file; path = "Poppins-BlackItalic.ttf"; sourceTree = "<group>"; };
		02097CFC26CECBAB0085F7F1 /* Poppins-Thin.ttf */ = {isa = PBXFileReference; lastKnownFileType = file; path = "Poppins-Thin.ttf"; sourceTree = "<group>"; };
		02097CFD26CECBAB0085F7F1 /* Poppins-BoldItalic.ttf */ = {isa = PBXFileReference; lastKnownFileType = file; path = "Poppins-BoldItalic.ttf"; sourceTree = "<group>"; };
		02097CFE26CECBAB0085F7F1 /* Poppins-Regular.ttf */ = {isa = PBXFileReference; lastKnownFileType = file; path = "Poppins-Regular.ttf"; sourceTree = "<group>"; };
		02097CFF26CECBAB0085F7F1 /* Poppins-Medium.ttf */ = {isa = PBXFileReference; lastKnownFileType = file; path = "Poppins-Medium.ttf"; sourceTree = "<group>"; };
		02097D0026CECBAB0085F7F1 /* Poppins-Italic.ttf */ = {isa = PBXFileReference; lastKnownFileType = file; path = "Poppins-Italic.ttf"; sourceTree = "<group>"; };
		02097D0126CECBAB0085F7F1 /* Poppins-ExtraLightItalic.ttf */ = {isa = PBXFileReference; lastKnownFileType = file; path = "Poppins-ExtraLightItalic.ttf"; sourceTree = "<group>"; };
		02097D0226CECBAB0085F7F1 /* Poppins-ExtraBoldItalic.ttf */ = {isa = PBXFileReference; lastKnownFileType = file; path = "Poppins-ExtraBoldItalic.ttf"; sourceTree = "<group>"; };
		02097D1526CF8AC70085F7F1 /* LoginViewController.swift */ = {isa = PBXFileReference; lastKnownFileType = sourcecode.swift; path = LoginViewController.swift; sourceTree = "<group>"; };
		02097D1726CF8AE50085F7F1 /* SignupViewController.swift */ = {isa = PBXFileReference; lastKnownFileType = sourcecode.swift; path = SignupViewController.swift; sourceTree = "<group>"; };
		02097D1926CF8FC60085F7F1 /* Extensions.swift */ = {isa = PBXFileReference; fileEncoding = 4; lastKnownFileType = sourcecode.swift; path = Extensions.swift; sourceTree = "<group>"; };
		02097D1B26CF99EF0085F7F1 /* FloatLabelTextField.swift */ = {isa = PBXFileReference; fileEncoding = 4; lastKnownFileType = sourcecode.swift; path = FloatLabelTextField.swift; sourceTree = "<group>"; };
		02108A9B26CEB7250046211D /* Online Edu.app */ = {isa = PBXFileReference; explicitFileType = wrapper.application; includeInIndex = 0; path = "Online Edu.app"; sourceTree = BUILT_PRODUCTS_DIR; };
		02108A9E26CEB7250046211D /* AppDelegate.swift */ = {isa = PBXFileReference; lastKnownFileType = sourcecode.swift; path = AppDelegate.swift; sourceTree = "<group>"; };
		02108AA026CEB7250046211D /* SceneDelegate.swift */ = {isa = PBXFileReference; lastKnownFileType = sourcecode.swift; path = SceneDelegate.swift; sourceTree = "<group>"; };
		02108AA526CEB7250046211D /* Base */ = {isa = PBXFileReference; lastKnownFileType = file.storyboard; name = Base; path = Base.lproj/Main.storyboard; sourceTree = "<group>"; };
		02108AA726CEB7260046211D /* Assets.xcassets */ = {isa = PBXFileReference; lastKnownFileType = folder.assetcatalog; path = Assets.xcassets; sourceTree = "<group>"; };
		02108AAA26CEB7260046211D /* Base */ = {isa = PBXFileReference; lastKnownFileType = file.storyboard; name = Base; path = Base.lproj/LaunchScreen.storyboard; sourceTree = "<group>"; };
		02108AAC26CEB7260046211D /* Info.plist */ = {isa = PBXFileReference; lastKnownFileType = text.plist.xml; path = Info.plist; sourceTree = "<group>"; };
		02859FFD26D6C1C5003E593D /* Reachability.swift */ = {isa = PBXFileReference; fileEncoding = 4; lastKnownFileType = sourcecode.swift; path = Reachability.swift; sourceTree = "<group>"; };
		0285A00126D82498003E593D /* InterestsViewController.swift */ = {isa = PBXFileReference; lastKnownFileType = sourcecode.swift; path = InterestsViewController.swift; sourceTree = "<group>"; };
		0285A00426D824E9003E593D /* HomeScreenViewController.swift */ = {isa = PBXFileReference; lastKnownFileType = sourcecode.swift; path = HomeScreenViewController.swift; sourceTree = "<group>"; };
		0285A00626D8250F003E593D /* DiscoverViewController.swift */ = {isa = PBXFileReference; lastKnownFileType = sourcecode.swift; path = DiscoverViewController.swift; sourceTree = "<group>"; };
		0285A00826D8252B003E593D /* AddViewController.swift */ = {isa = PBXFileReference; lastKnownFileType = sourcecode.swift; path = AddViewController.swift; sourceTree = "<group>"; };
		0285A00A26D8254D003E593D /* InboxViewController.swift */ = {isa = PBXFileReference; lastKnownFileType = sourcecode.swift; path = InboxViewController.swift; sourceTree = "<group>"; };
		0285A00C26D8256C003E593D /* ProfileViewController.swift */ = {isa = PBXFileReference; lastKnownFileType = sourcecode.swift; path = ProfileViewController.swift; sourceTree = "<group>"; };
		0285A00F26D8269B003E593D /* LiveViewController.swift */ = {isa = PBXFileReference; lastKnownFileType = sourcecode.swift; path = LiveViewController.swift; sourceTree = "<group>"; };
		0285A01126D826B3003E593D /* CoursesViewController.swift */ = {isa = PBXFileReference; lastKnownFileType = sourcecode.swift; path = CoursesViewController.swift; sourceTree = "<group>"; };
		0285A01326D826CC003E593D /* TrendingViewController.swift */ = {isa = PBXFileReference; lastKnownFileType = sourcecode.swift; path = TrendingViewController.swift; sourceTree = "<group>"; };
		0285A01526D8C507003E593D /* TrendingCollectionViewCell.swift */ = {isa = PBXFileReference; lastKnownFileType = sourcecode.swift; path = TrendingCollectionViewCell.swift; sourceTree = "<group>"; };
		0285A01A26D8F2D4003E593D /* InterestsCollectionViewCell.swift */ = {isa = PBXFileReference; lastKnownFileType = sourcecode.swift; path = InterestsCollectionViewCell.swift; sourceTree = "<group>"; };
		0285A01C26D90180003E593D /* LiveCollectionViewCell.swift */ = {isa = PBXFileReference; lastKnownFileType = sourcecode.swift; path = LiveCollectionViewCell.swift; sourceTree = "<group>"; };
		0285A01E26D9018C003E593D /* CoursesCollectionViewCell.swift */ = {isa = PBXFileReference; lastKnownFileType = sourcecode.swift; path = CoursesCollectionViewCell.swift; sourceTree = "<group>"; };
		0285A02026D97F44003E593D /* AuthorsCollectionViewCell.swift */ = {isa = PBXFileReference; lastKnownFileType = sourcecode.swift; path = AuthorsCollectionViewCell.swift; sourceTree = "<group>"; };
		0285A02226D97F53003E593D /* AuthorsViewController.swift */ = {isa = PBXFileReference; lastKnownFileType = sourcecode.swift; path = AuthorsViewController.swift; sourceTree = "<group>"; };
		0285A02426DA9DCB003E593D /* MessagesViewController.swift */ = {isa = PBXFileReference; lastKnownFileType = sourcecode.swift; path = MessagesViewController.swift; sourceTree = "<group>"; };
		0285A02626DAF0D3003E593D /* VideoCollectionViewCell.swift */ = {isa = PBXFileReference; lastKnownFileType = sourcecode.swift; path = VideoCollectionViewCell.swift; sourceTree = "<group>"; };
		541459D593EA2C925D18D519 /* Pods-Online Edu.release.xcconfig */ = {isa = PBXFileReference; includeInIndex = 1; lastKnownFileType = text.xcconfig; name = "Pods-Online Edu.release.xcconfig"; path = "Target Support Files/Pods-Online Edu/Pods-Online Edu.release.xcconfig"; sourceTree = "<group>"; };
		A7D32A969888C86B6DA4BFD8 /* Pods_Online_Edu.framework */ = {isa = PBXFileReference; explicitFileType = wrapper.framework; includeInIndex = 0; path = Pods_Online_Edu.framework; sourceTree = BUILT_PRODUCTS_DIR; };
		B435E595C3DDF9D4FFADF230 /* Pods-Online Edu.debug.xcconfig */ = {isa = PBXFileReference; includeInIndex = 1; lastKnownFileType = text.xcconfig; name = "Pods-Online Edu.debug.xcconfig"; path = "Target Support Files/Pods-Online Edu/Pods-Online Edu.debug.xcconfig"; sourceTree = "<group>"; };
/* End PBXFileReference section */

/* Begin PBXFrameworksBuildPhase section */
		02108A9826CEB7250046211D /* Frameworks */ = {
			isa = PBXFrameworksBuildPhase;
			buildActionMask = 2147483647;
			files = (
				4B7B194EBF73C99B3945B820 /* Pods_Online_Edu.framework in Frameworks */,
			);
			runOnlyForDeploymentPostprocessing = 0;
		};
/* End PBXFrameworksBuildPhase section */

/* Begin PBXGroup section */
		02097CD826CECB8D0085F7F1 /* Fonts */ = {
			isa = PBXGroup;
			children = (
				02097CF226CECBAA0085F7F1 /* Poppins-Black.ttf */,
				02097CFB26CECBAA0085F7F1 /* Poppins-BlackItalic.ttf */,
				02097CF926CECBAA0085F7F1 /* Poppins-Bold.ttf */,
				02097CFD26CECBAB0085F7F1 /* Poppins-BoldItalic.ttf */,
				02097CF126CECBAA0085F7F1 /* Poppins-ExtraBold.ttf */,
				02097D0226CECBAB0085F7F1 /* Poppins-ExtraBoldItalic.ttf */,
				02097CF826CECBAA0085F7F1 /* Poppins-ExtraLight.ttf */,
				02097D0126CECBAB0085F7F1 /* Poppins-ExtraLightItalic.ttf */,
				02097D0026CECBAB0085F7F1 /* Poppins-Italic.ttf */,
				02097CF726CECBAA0085F7F1 /* Poppins-Light.ttf */,
				02097CF426CECBAA0085F7F1 /* Poppins-LightItalic.ttf */,
				02097CFF26CECBAB0085F7F1 /* Poppins-Medium.ttf */,
				02097CF526CECBAA0085F7F1 /* Poppins-MediumItalic.ttf */,
				02097CFE26CECBAB0085F7F1 /* Poppins-Regular.ttf */,
				02097CFA26CECBAA0085F7F1 /* Poppins-SemiBold.ttf */,
				02097CF326CECBAA0085F7F1 /* Poppins-SemiBoldItalic.ttf */,
				02097CFC26CECBAB0085F7F1 /* Poppins-Thin.ttf */,
				02097CF626CECBAA0085F7F1 /* Poppins-ThinItalic.ttf */,
				02097CDF26CECB9C0085F7F1 /* Roboto-Black.ttf */,
				02097CDE26CECB9C0085F7F1 /* Roboto-BlackItalic.ttf */,
				02097CE226CECB9C0085F7F1 /* Roboto-Bold.ttf */,
				02097CE326CECB9C0085F7F1 /* Roboto-BoldItalic.ttf */,
				02097CE426CECB9C0085F7F1 /* Roboto-Italic.ttf */,
				02097CE026CECB9C0085F7F1 /* Roboto-Light.ttf */,
				02097CDB26CECB9B0085F7F1 /* Roboto-LightItalic.ttf */,
				02097CDC26CECB9B0085F7F1 /* Roboto-Medium.ttf */,
				02097CE126CECB9C0085F7F1 /* Roboto-MediumItalic.ttf */,
				02097CDA26CECB9B0085F7F1 /* Roboto-Regular.ttf */,
				02097CD926CECB9B0085F7F1 /* Roboto-Thin.ttf */,
				02097CDD26CECB9C0085F7F1 /* Roboto-ThinItalic.ttf */,
			);
			path = Fonts;
			sourceTree = "<group>";
		};
		02097D1D26D003190085F7F1 /* Onboarding */ = {
			isa = PBXGroup;
			children = (
				02097CD426CEC8060085F7F1 /* OnboardingView.swift */,
				02097CD226CEC7D50085F7F1 /* ViewController.swift */,
			);
			path = Onboarding;
			sourceTree = "<group>";
		};
		02097D1E26D003300085F7F1 /* Auth */ = {
			isa = PBXGroup;
			children = (
				02097CD626CEC8B70085F7F1 /* HomeViewController.swift */,
				02097D1726CF8AE50085F7F1 /* SignupViewController.swift */,
				02097D1526CF8AC70085F7F1 /* LoginViewController.swift */,
			);
			path = Auth;
			sourceTree = "<group>";
		};
		02097D1F26D003480085F7F1 /* Extensions */ = {
			isa = PBXGroup;
			children = (
				02097D1926CF8FC60085F7F1 /* Extensions.swift */,
				02097D1B26CF99EF0085F7F1 /* FloatLabelTextField.swift */,
				02859FFD26D6C1C5003E593D /* Reachability.swift */,
			);
			path = Extensions;
			sourceTree = "<group>";
		};
		02108A9226CEB7250046211D = {
			isa = PBXGroup;
			children = (
				02097CD826CECB8D0085F7F1 /* Fonts */,
				02108A9D26CEB7250046211D /* Online Edu */,
				02108A9C26CEB7250046211D /* Products */,
				E72967CB23CDCA951939447A /* Pods */,
				E8A3AC9859512CB1A750D378 /* Frameworks */,
			);
			sourceTree = "<group>";
		};
		02108A9C26CEB7250046211D /* Products */ = {
			isa = PBXGroup;
			children = (
				02108A9B26CEB7250046211D /* Online Edu.app */,
			);
			name = Products;
			sourceTree = "<group>";
		};
		02108A9D26CEB7250046211D /* Online Edu */ = {
			isa = PBXGroup;
			children = (
				02108A9E26CEB7250046211D /* AppDelegate.swift */,
				02108AA026CEB7250046211D /* SceneDelegate.swift */,
				02108AA726CEB7260046211D /* Assets.xcassets */,
				02108AA926CEB7260046211D /* LaunchScreen.storyboard */,
				02108AA426CEB7250046211D /* Main.storyboard */,
				02097D1D26D003190085F7F1 /* Onboarding */,
				02097D1E26D003300085F7F1 /* Auth */,
				0285A01926D8F2B7003E593D /* Topics */,
				0285A00326D824BB003E593D /* Tab Bar */,
				0285A00E26D8267D003E593D /* Discover */,
				02108AAC26CEB7260046211D /* Info.plist */,
				02097D1F26D003480085F7F1 /* Extensions */,
			);
			path = "Online Edu";
			sourceTree = "<group>";
		};
		0285A00326D824BB003E593D /* Tab Bar */ = {
			isa = PBXGroup;
			children = (
				0285A00426D824E9003E593D /* HomeScreenViewController.swift */,
				0285A02626DAF0D3003E593D /* VideoCollectionViewCell.swift */,
				0285A00626D8250F003E593D /* DiscoverViewController.swift */,
				0285A00826D8252B003E593D /* AddViewController.swift */,
				0285A00A26D8254D003E593D /* InboxViewController.swift */,
				0285A02426DA9DCB003E593D /* MessagesViewController.swift */,
				0285A00C26D8256C003E593D /* ProfileViewController.swift */,
			);
			path = "Tab Bar";
			sourceTree = "<group>";
		};
		0285A00E26D8267D003E593D /* Discover */ = {
			isa = PBXGroup;
			children = (
				0285A00F26D8269B003E593D /* LiveViewController.swift */,
				0285A01C26D90180003E593D /* LiveCollectionViewCell.swift */,
				0285A02226D97F53003E593D /* AuthorsViewController.swift */,
				0285A02026D97F44003E593D /* AuthorsCollectionViewCell.swift */,
				0285A01126D826B3003E593D /* CoursesViewController.swift */,
				0285A01E26D9018C003E593D /* CoursesCollectionViewCell.swift */,
				0285A01326D826CC003E593D /* TrendingViewController.swift */,
				0285A01526D8C507003E593D /* TrendingCollectionViewCell.swift */,
			);
			path = Discover;
			sourceTree = "<group>";
		};
		0285A01926D8F2B7003E593D /* Topics */ = {
			isa = PBXGroup;
			children = (
				0285A00126D82498003E593D /* InterestsViewController.swift */,
				0285A01A26D8F2D4003E593D /* InterestsCollectionViewCell.swift */,
			);
			path = Topics;
			sourceTree = "<group>";
		};
		E72967CB23CDCA951939447A /* Pods */ = {
			isa = PBXGroup;
			children = (
				B435E595C3DDF9D4FFADF230 /* Pods-Online Edu.debug.xcconfig */,
				541459D593EA2C925D18D519 /* Pods-Online Edu.release.xcconfig */,
			);
			path = Pods;
			sourceTree = "<group>";
		};
		E8A3AC9859512CB1A750D378 /* Frameworks */ = {
			isa = PBXGroup;
			children = (
				A7D32A969888C86B6DA4BFD8 /* Pods_Online_Edu.framework */,
			);
			name = Frameworks;
			sourceTree = "<group>";
		};
/* End PBXGroup section */

/* Begin PBXNativeTarget section */
		02108A9A26CEB7250046211D /* Online Edu */ = {
			isa = PBXNativeTarget;
			buildConfigurationList = 02108AAF26CEB7260046211D /* Build configuration list for PBXNativeTarget "Online Edu" */;
			buildPhases = (
				5A5158D68144758A6A0816DA /* [CP] Check Pods Manifest.lock */,
				02108A9726CEB7250046211D /* Sources */,
				02108A9826CEB7250046211D /* Frameworks */,
				02108A9926CEB7250046211D /* Resources */,
				778CFAE14CB44A3EB56DB538 /* [CP] Embed Pods Frameworks */,
			);
			buildRules = (
			);
			dependencies = (
			);
			name = "Online Edu";
			productName = "Online Edu";
			productReference = 02108A9B26CEB7250046211D /* Online Edu.app */;
			productType = "com.apple.product-type.application";
		};
/* End PBXNativeTarget section */

/* Begin PBXProject section */
		02108A9326CEB7250046211D /* Project object */ = {
			isa = PBXProject;
			attributes = {
				LastSwiftUpdateCheck = 1250;
				LastUpgradeCheck = 1250;
				TargetAttributes = {
					02108A9A26CEB7250046211D = {
						CreatedOnToolsVersion = 12.5.1;
					};
				};
			};
			buildConfigurationList = 02108A9626CEB7250046211D /* Build configuration list for PBXProject "Online Edu" */;
			compatibilityVersion = "Xcode 9.3";
			developmentRegion = en;
			hasScannedForEncodings = 0;
			knownRegions = (
				en,
				Base,
			);
			mainGroup = 02108A9226CEB7250046211D;
			productRefGroup = 02108A9C26CEB7250046211D /* Products */;
			projectDirPath = "";
			projectRoot = "";
			targets = (
				02108A9A26CEB7250046211D /* Online Edu */,
			);
		};
/* End PBXProject section */

/* Begin PBXResourcesBuildPhase section */
		02108A9926CEB7250046211D /* Resources */ = {
			isa = PBXResourcesBuildPhase;
			buildActionMask = 2147483647;
			files = (
				02097D1326CECBAB0085F7F1 /* Poppins-ExtraLightItalic.ttf in Resources */,
				02097CE526CECB9C0085F7F1 /* Roboto-Thin.ttf in Resources */,
				02097D0426CECBAB0085F7F1 /* Poppins-Black.ttf in Resources */,
				02097CEE26CECB9C0085F7F1 /* Roboto-Bold.ttf in Resources */,
				02108AAB26CEB7260046211D /* LaunchScreen.storyboard in Resources */,
				02097CE726CECB9C0085F7F1 /* Roboto-LightItalic.ttf in Resources */,
				02097D1426CECBAB0085F7F1 /* Poppins-ExtraBoldItalic.ttf in Resources */,
				02097D1026CECBAB0085F7F1 /* Poppins-Regular.ttf in Resources */,
				02097D0626CECBAB0085F7F1 /* Poppins-LightItalic.ttf in Resources */,
				02097D0526CECBAB0085F7F1 /* Poppins-SemiBoldItalic.ttf in Resources */,
				02097CEC26CECB9C0085F7F1 /* Roboto-Light.ttf in Resources */,
				02097D1126CECBAB0085F7F1 /* Poppins-Medium.ttf in Resources */,
				02097CED26CECB9C0085F7F1 /* Roboto-MediumItalic.ttf in Resources */,
				02097D0926CECBAB0085F7F1 /* Poppins-Light.ttf in Resources */,
				02097D0726CECBAB0085F7F1 /* Poppins-MediumItalic.ttf in Resources */,
				02097D0A26CECBAB0085F7F1 /* Poppins-ExtraLight.ttf in Resources */,
				02097CE826CECB9C0085F7F1 /* Roboto-Medium.ttf in Resources */,
				02097CF026CECB9C0085F7F1 /* Roboto-Italic.ttf in Resources */,
				02097D0D26CECBAB0085F7F1 /* Poppins-BlackItalic.ttf in Resources */,
				02097D0826CECBAB0085F7F1 /* Poppins-ThinItalic.ttf in Resources */,
				02097CEA26CECB9C0085F7F1 /* Roboto-BlackItalic.ttf in Resources */,
				02097CE926CECB9C0085F7F1 /* Roboto-ThinItalic.ttf in Resources */,
				02097CE626CECB9C0085F7F1 /* Roboto-Regular.ttf in Resources */,
				02097D1226CECBAB0085F7F1 /* Poppins-Italic.ttf in Resources */,
				02097CEB26CECB9C0085F7F1 /* Roboto-Black.ttf in Resources */,
				02097D0B26CECBAB0085F7F1 /* Poppins-Bold.ttf in Resources */,
				02097D0E26CECBAB0085F7F1 /* Poppins-Thin.ttf in Resources */,
				02097D0C26CECBAB0085F7F1 /* Poppins-SemiBold.ttf in Resources */,
				02097D0F26CECBAB0085F7F1 /* Poppins-BoldItalic.ttf in Resources */,
				02097D0326CECBAB0085F7F1 /* Poppins-ExtraBold.ttf in Resources */,
				02108AA826CEB7260046211D /* Assets.xcassets in Resources */,
				02097CEF26CECB9C0085F7F1 /* Roboto-BoldItalic.ttf in Resources */,
				02108AA626CEB7250046211D /* Main.storyboard in Resources */,
			);
			runOnlyForDeploymentPostprocessing = 0;
		};
/* End PBXResourcesBuildPhase section */

/* Begin PBXShellScriptBuildPhase section */
		5A5158D68144758A6A0816DA /* [CP] Check Pods Manifest.lock */ = {
			isa = PBXShellScriptBuildPhase;
			buildActionMask = 2147483647;
			files = (
			);
			inputFileListPaths = (
			);
			inputPaths = (
				"${PODS_PODFILE_DIR_PATH}/Podfile.lock",
				"${PODS_ROOT}/Manifest.lock",
			);
			name = "[CP] Check Pods Manifest.lock";
			outputFileListPaths = (
			);
			outputPaths = (
				"$(DERIVED_FILE_DIR)/Pods-Online Edu-checkManifestLockResult.txt",
			);
			runOnlyForDeploymentPostprocessing = 0;
			shellPath = /bin/sh;
			shellScript = "diff \"${PODS_PODFILE_DIR_PATH}/Podfile.lock\" \"${PODS_ROOT}/Manifest.lock\" > /dev/null\nif [ $? != 0 ] ; then\n    # print error to STDERR\n    echo \"error: The sandbox is not in sync with the Podfile.lock. Run 'pod install' or update your CocoaPods installation.\" >&2\n    exit 1\nfi\n# This output is used by Xcode 'outputs' to avoid re-running this script phase.\necho \"SUCCESS\" > \"${SCRIPT_OUTPUT_FILE_0}\"\n";
			showEnvVarsInLog = 0;
		};
		778CFAE14CB44A3EB56DB538 /* [CP] Embed Pods Frameworks */ = {
			isa = PBXShellScriptBuildPhase;
			buildActionMask = 2147483647;
			files = (
			);
			inputFileListPaths = (
				"${PODS_ROOT}/Target Support Files/Pods-Online Edu/Pods-Online Edu-frameworks-${CONFIGURATION}-input-files.xcfilelist",
			);
			name = "[CP] Embed Pods Frameworks";
			outputFileListPaths = (
				"${PODS_ROOT}/Target Support Files/Pods-Online Edu/Pods-Online Edu-frameworks-${CONFIGURATION}-output-files.xcfilelist",
			);
			runOnlyForDeploymentPostprocessing = 0;
			shellPath = /bin/sh;
			shellScript = "\"${PODS_ROOT}/Target Support Files/Pods-Online Edu/Pods-Online Edu-frameworks.sh\"\n";
			showEnvVarsInLog = 0;
		};
/* End PBXShellScriptBuildPhase section */

/* Begin PBXSourcesBuildPhase section */
		02108A9726CEB7250046211D /* Sources */ = {
			isa = PBXSourcesBuildPhase;
			buildActionMask = 2147483647;
			files = (
				0285A02726DAF0D3003E593D /* VideoCollectionViewCell.swift in Sources */,
				02097D1626CF8AC70085F7F1 /* LoginViewController.swift in Sources */,
				02097D1826CF8AE50085F7F1 /* SignupViewController.swift in Sources */,
				0285A02526DA9DCB003E593D /* MessagesViewController.swift in Sources */,
				02097CD726CEC8B70085F7F1 /* HomeViewController.swift in Sources */,
				0285A00B26D8254D003E593D /* InboxViewController.swift in Sources */,
				02097D1A26CF8FC60085F7F1 /* Extensions.swift in Sources */,
				0285A00526D824E9003E593D /* HomeScreenViewController.swift in Sources */,
				0285A00926D8252B003E593D /* AddViewController.swift in Sources */,
				0285A00D26D8256C003E593D /* ProfileViewController.swift in Sources */,
				0285A00226D82499003E593D /* InterestsViewController.swift in Sources */,
				02097CD326CEC7D50085F7F1 /* ViewController.swift in Sources */,
				0285A02326D97F53003E593D /* AuthorsViewController.swift in Sources */,
				02097CD526CEC8060085F7F1 /* OnboardingView.swift in Sources */,
				0285A01626D8C507003E593D /* TrendingCollectionViewCell.swift in Sources */,
				0285A01D26D90180003E593D /* LiveCollectionViewCell.swift in Sources */,
				0285A01F26D9018C003E593D /* CoursesCollectionViewCell.swift in Sources */,
				0285A01226D826B3003E593D /* CoursesViewController.swift in Sources */,
				0285A02126D97F44003E593D /* AuthorsCollectionViewCell.swift in Sources */,
				0285A00726D8250F003E593D /* DiscoverViewController.swift in Sources */,
				02097D1C26CF99EF0085F7F1 /* FloatLabelTextField.swift in Sources */,
				0285A01B26D8F2D4003E593D /* InterestsCollectionViewCell.swift in Sources */,
				02108A9F26CEB7250046211D /* AppDelegate.swift in Sources */,
				02859FFE26D6C1C5003E593D /* Reachability.swift in Sources */,
				0285A01426D826CC003E593D /* TrendingViewController.swift in Sources */,
				0285A01026D8269B003E593D /* LiveViewController.swift in Sources */,
				02108AA126CEB7250046211D /* SceneDelegate.swift in Sources */,
			);
			runOnlyForDeploymentPostprocessing = 0;
		};
/* End PBXSourcesBuildPhase section */

/* Begin PBXVariantGroup section */
		02108AA426CEB7250046211D /* Main.storyboard */ = {
			isa = PBXVariantGroup;
			children = (
				02108AA526CEB7250046211D /* Base */,
			);
			name = Main.storyboard;
			sourceTree = "<group>";
		};
		02108AA926CEB7260046211D /* LaunchScreen.storyboard */ = {
			isa = PBXVariantGroup;
			children = (
				02108AAA26CEB7260046211D /* Base */,
			);
			name = LaunchScreen.storyboard;
			sourceTree = "<group>";
		};
/* End PBXVariantGroup section */

/* Begin XCBuildConfiguration section */
		02108AAD26CEB7260046211D /* Debug */ = {
			isa = XCBuildConfiguration;
			buildSettings = {
				ALWAYS_SEARCH_USER_PATHS = NO;
				CLANG_ANALYZER_NONNULL = YES;
				CLANG_ANALYZER_NUMBER_OBJECT_CONVERSION = YES_AGGRESSIVE;
				CLANG_CXX_LANGUAGE_STANDARD = "gnu++14";
				CLANG_CXX_LIBRARY = "libc++";
				CLANG_ENABLE_MODULES = YES;
				CLANG_ENABLE_OBJC_ARC = YES;
				CLANG_ENABLE_OBJC_WEAK = YES;
				CLANG_WARN_BLOCK_CAPTURE_AUTORELEASING = YES;
				CLANG_WARN_BOOL_CONVERSION = YES;
				CLANG_WARN_COMMA = YES;
				CLANG_WARN_CONSTANT_CONVERSION = YES;
				CLANG_WARN_DEPRECATED_OBJC_IMPLEMENTATIONS = YES;
				CLANG_WARN_DIRECT_OBJC_ISA_USAGE = YES_ERROR;
				CLANG_WARN_DOCUMENTATION_COMMENTS = YES;
				CLANG_WARN_EMPTY_BODY = YES;
				CLANG_WARN_ENUM_CONVERSION = YES;
				CLANG_WARN_INFINITE_RECURSION = YES;
				CLANG_WARN_INT_CONVERSION = YES;
				CLANG_WARN_NON_LITERAL_NULL_CONVERSION = YES;
				CLANG_WARN_OBJC_IMPLICIT_RETAIN_SELF = YES;
				CLANG_WARN_OBJC_LITERAL_CONVERSION = YES;
				CLANG_WARN_OBJC_ROOT_CLASS = YES_ERROR;
				CLANG_WARN_QUOTED_INCLUDE_IN_FRAMEWORK_HEADER = YES;
				CLANG_WARN_RANGE_LOOP_ANALYSIS = YES;
				CLANG_WARN_STRICT_PROTOTYPES = YES;
				CLANG_WARN_SUSPICIOUS_MOVE = YES;
				CLANG_WARN_UNGUARDED_AVAILABILITY = YES_AGGRESSIVE;
				CLANG_WARN_UNREACHABLE_CODE = YES;
				CLANG_WARN__DUPLICATE_METHOD_MATCH = YES;
				COPY_PHASE_STRIP = NO;
				DEBUG_INFORMATION_FORMAT = dwarf;
				ENABLE_STRICT_OBJC_MSGSEND = YES;
				ENABLE_TESTABILITY = YES;
				GCC_C_LANGUAGE_STANDARD = gnu11;
				GCC_DYNAMIC_NO_PIC = NO;
				GCC_NO_COMMON_BLOCKS = YES;
				GCC_OPTIMIZATION_LEVEL = 0;
				GCC_PREPROCESSOR_DEFINITIONS = (
					"DEBUG=1",
					"$(inherited)",
				);
				GCC_WARN_64_TO_32_BIT_CONVERSION = YES;
				GCC_WARN_ABOUT_RETURN_TYPE = YES_ERROR;
				GCC_WARN_UNDECLARED_SELECTOR = YES;
				GCC_WARN_UNINITIALIZED_AUTOS = YES_AGGRESSIVE;
				GCC_WARN_UNUSED_FUNCTION = YES;
				GCC_WARN_UNUSED_VARIABLE = YES;
				IPHONEOS_DEPLOYMENT_TARGET = 13.0;
				MTL_ENABLE_DEBUG_INFO = INCLUDE_SOURCE;
				MTL_FAST_MATH = YES;
				ONLY_ACTIVE_ARCH = YES;
				SDKROOT = iphoneos;
				SWIFT_ACTIVE_COMPILATION_CONDITIONS = DEBUG;
				SWIFT_OPTIMIZATION_LEVEL = "-Onone";
			};
			name = Debug;
		};
		02108AAE26CEB7260046211D /* Release */ = {
			isa = XCBuildConfiguration;
			buildSettings = {
				ALWAYS_SEARCH_USER_PATHS = NO;
				CLANG_ANALYZER_NONNULL = YES;
				CLANG_ANALYZER_NUMBER_OBJECT_CONVERSION = YES_AGGRESSIVE;
				CLANG_CXX_LANGUAGE_STANDARD = "gnu++14";
				CLANG_CXX_LIBRARY = "libc++";
				CLANG_ENABLE_MODULES = YES;
				CLANG_ENABLE_OBJC_ARC = YES;
				CLANG_ENABLE_OBJC_WEAK = YES;
				CLANG_WARN_BLOCK_CAPTURE_AUTORELEASING = YES;
				CLANG_WARN_BOOL_CONVERSION = YES;
				CLANG_WARN_COMMA = YES;
				CLANG_WARN_CONSTANT_CONVERSION = YES;
				CLANG_WARN_DEPRECATED_OBJC_IMPLEMENTATIONS = YES;
				CLANG_WARN_DIRECT_OBJC_ISA_USAGE = YES_ERROR;
				CLANG_WARN_DOCUMENTATION_COMMENTS = YES;
				CLANG_WARN_EMPTY_BODY = YES;
				CLANG_WARN_ENUM_CONVERSION = YES;
				CLANG_WARN_INFINITE_RECURSION = YES;
				CLANG_WARN_INT_CONVERSION = YES;
				CLANG_WARN_NON_LITERAL_NULL_CONVERSION = YES;
				CLANG_WARN_OBJC_IMPLICIT_RETAIN_SELF = YES;
				CLANG_WARN_OBJC_LITERAL_CONVERSION = YES;
				CLANG_WARN_OBJC_ROOT_CLASS = YES_ERROR;
				CLANG_WARN_QUOTED_INCLUDE_IN_FRAMEWORK_HEADER = YES;
				CLANG_WARN_RANGE_LOOP_ANALYSIS = YES;
				CLANG_WARN_STRICT_PROTOTYPES = YES;
				CLANG_WARN_SUSPICIOUS_MOVE = YES;
				CLANG_WARN_UNGUARDED_AVAILABILITY = YES_AGGRESSIVE;
				CLANG_WARN_UNREACHABLE_CODE = YES;
				CLANG_WARN__DUPLICATE_METHOD_MATCH = YES;
				COPY_PHASE_STRIP = NO;
				DEBUG_INFORMATION_FORMAT = "dwarf-with-dsym";
				ENABLE_NS_ASSERTIONS = NO;
				ENABLE_STRICT_OBJC_MSGSEND = YES;
				GCC_C_LANGUAGE_STANDARD = gnu11;
				GCC_NO_COMMON_BLOCKS = YES;
				GCC_WARN_64_TO_32_BIT_CONVERSION = YES;
				GCC_WARN_ABOUT_RETURN_TYPE = YES_ERROR;
				GCC_WARN_UNDECLARED_SELECTOR = YES;
				GCC_WARN_UNINITIALIZED_AUTOS = YES_AGGRESSIVE;
				GCC_WARN_UNUSED_FUNCTION = YES;
				GCC_WARN_UNUSED_VARIABLE = YES;
				IPHONEOS_DEPLOYMENT_TARGET = 13.0;
				MTL_ENABLE_DEBUG_INFO = NO;
				MTL_FAST_MATH = YES;
				SDKROOT = iphoneos;
				SWIFT_COMPILATION_MODE = wholemodule;
				SWIFT_OPTIMIZATION_LEVEL = "-O";
				VALIDATE_PRODUCT = YES;
			};
			name = Release;
		};
		02108AB026CEB7260046211D /* Debug */ = {
			isa = XCBuildConfiguration;
			baseConfigurationReference = B435E595C3DDF9D4FFADF230 /* Pods-Online Edu.debug.xcconfig */;
			buildSettings = {
				ASSETCATALOG_COMPILER_APPICON_NAME = AppIcon;
				ASSETCATALOG_COMPILER_GLOBAL_ACCENT_COLOR_NAME = AccentColor;
				CODE_SIGN_STYLE = Automatic;
				DEVELOPMENT_TEAM = 57L4MX4CXC;
				INFOPLIST_FILE = "Online Edu/Info.plist";
				IPHONEOS_DEPLOYMENT_TARGET = 13.0;
				LD_RUNPATH_SEARCH_PATHS = (
					"$(inherited)",
					"@executable_path/Frameworks",
				);
				MARKETING_VERSION = 1.0.0;
				PRODUCT_BUNDLE_IDENTIFIER = com.likhitgarimella.SticFocus;
				PRODUCT_NAME = "$(TARGET_NAME)";
				SWIFT_VERSION = 5.0;
				TARGETED_DEVICE_FAMILY = 1;
			};
			name = Debug;
		};
		02108AB126CEB7260046211D /* Release */ = {
			isa = XCBuildConfiguration;
			baseConfigurationReference = 541459D593EA2C925D18D519 /* Pods-Online Edu.release.xcconfig */;
			buildSettings = {
				ASSETCATALOG_COMPILER_APPICON_NAME = AppIcon;
				ASSETCATALOG_COMPILER_GLOBAL_ACCENT_COLOR_NAME = AccentColor;
				CODE_SIGN_STYLE = Automatic;
				DEVELOPMENT_TEAM = 57L4MX4CXC;
				INFOPLIST_FILE = "Online Edu/Info.plist";
				IPHONEOS_DEPLOYMENT_TARGET = 13.0;
				LD_RUNPATH_SEARCH_PATHS = (
					"$(inherited)",
					"@executable_path/Frameworks",
				);
				MARKETING_VERSION = 1.0.0;
				PRODUCT_BUNDLE_IDENTIFIER = com.likhitgarimella.SticFocus;
				PRODUCT_NAME = "$(TARGET_NAME)";
				SWIFT_VERSION = 5.0;
				TARGETED_DEVICE_FAMILY = 1;
			};
			name = Release;
		};
/* End XCBuildConfiguration section */

/* Begin XCConfigurationList section */
		02108A9626CEB7250046211D /* Build configuration list for PBXProject "Online Edu" */ = {
			isa = XCConfigurationList;
			buildConfigurations = (
				02108AAD26CEB7260046211D /* Debug */,
				02108AAE26CEB7260046211D /* Release */,
			);
			defaultConfigurationIsVisible = 0;
			defaultConfigurationName = Release;
		};
		02108AAF26CEB7260046211D /* Build configuration list for PBXNativeTarget "Online Edu" */ = {
			isa = XCConfigurationList;
			buildConfigurations = (
				02108AB026CEB7260046211D /* Debug */,
				02108AB126CEB7260046211D /* Release */,
			);
			defaultConfigurationIsVisible = 0;
			defaultConfigurationName = Release;
		};
/* End XCConfigurationList section */
	};
	rootObject = 02108A9326CEB7250046211D /* Project object */;
}
